
Microsoft Visual Studio Solution File, Format Version 12.00
# Visual Studio Version 16
VisualStudioVersion = 16.0.29409.12
MinimumVisualStudioVersion = 10.0.40219.1
Project("{9A19103F-16F7-4668-BE54-9A1E7A4F7556}") = "Otor.MsixHero.Ui", "src\Otor.MsixHero.Ui\Otor.MsixHero.Ui.csproj", "{40A4609E-D606-4037-BD91-66E2307B2B2D}"
EndProject
Project("{9A19103F-16F7-4668-BE54-9A1E7A4F7556}") = "Otor.MsixHero.Lib", "src\Otor.MsixHero.Lib\Otor.MsixHero.Lib.csproj", "{86813830-4887-4BE2-BC0E-429A3769E0A7}"
EndProject
Project("{2150E333-8FDC-42A3-9474-1A3956D46DE8}") = "Tests", "Tests", "{1353E27B-1F60-434E-AD0E-56631BE1CF3C}"
EndProject
Project("{9A19103F-16F7-4668-BE54-9A1E7A4F7556}") = "Otor.MsixHero.Tests", "src\Otor.MsixHero.Tests\Otor.MsixHero.Tests.csproj", "{D0BB8AEB-207A-41BA-A2EC-EBFC8A1F4756}"
EndProject
Project("{9A19103F-16F7-4668-BE54-9A1E7A4F7556}") = "Otor.MsixHero.AdminHelper", "src\Otor.MsixHero.AdminHelper\Otor.MsixHero.AdminHelper.csproj", "{AFDFA263-2CF2-4ADE-8AE4-D0FC982DAF42}"
EndProject
Project("{2150E333-8FDC-42A3-9474-1A3956D46DE8}") = "External", "External", "{FEA96B7F-E9D5-449F-83EE-789116B1BD9B}"
EndProject
Project("{9A19103F-16F7-4668-BE54-9A1E7A4F7556}") = "External.EricZimmerman.Registry", "src\external\External.EricZimmerman.Registry\External.EricZimmerman.Registry.csproj", "{EA08C739-61A2-402A-9621-590DBF78C04A}"
EndProject
Project("{9A19103F-16F7-4668-BE54-9A1E7A4F7556}") = "Otor.MsixHero.Cli", "src\Otor.MsixHero.Cli\Otor.MsixHero.Cli.csproj", "{6C71D451-F783-4ADA-94AB-BCEE370F57AD}"
EndProject
Project("{9A19103F-16F7-4668-BE54-9A1E7A4F7556}") = "Otor.MsixHero.Winget", "src\Otor.MsixHero.Winget\Otor.MsixHero.Winget.csproj", "{C11701E4-D67C-4764-8BB8-1621CB241FB3}"
EndProject
Project("{9A19103F-16F7-4668-BE54-9A1E7A4F7556}") = "Otor.MsixHero.AppInstaller", "src\Otor.MsixHero.AppInstaller\Otor.MsixHero.AppInstaller.csproj", "{C5DA9E95-1C86-43F0-88A1-898ED33CA148}"
EndProject
Project("{9A19103F-16F7-4668-BE54-9A1E7A4F7556}") = "Otor.MsixHero.Infrastructure", "src\Otor.MsixHero.Infrastructure\Otor.MsixHero.Infrastructure.csproj", "{FBC2A089-3D9A-48E8-A672-A48AD501B206}"
EndProject
Project("{9A19103F-16F7-4668-BE54-9A1E7A4F7556}") = "Otor.MsixHero.Appx", "src\Otor.MsixHero.Appx\Otor.MsixHero.Appx.csproj", "{2C4C5957-1F57-4889-B331-24D59EAD743C}"
EndProject
Project("{9A19103F-16F7-4668-BE54-9A1E7A4F7556}") = "Otor.MsixHero.Registry", "src\Otor.MsixHero.Registry\Otor.MsixHero.Registry.csproj", "{A29E687E-3709-4C10-98B6-EA91DE334EAF}"
EndProject
Project("{9A19103F-16F7-4668-BE54-9A1E7A4F7556}") = "LordMike.OffregLib", "src\external\LordMike.OffregLib\LordMike.OffregLib.csproj", "{DC9B3C96-5633-4262-8209-ADCDBF762670}"
EndProject
Project("{9A19103F-16F7-4668-BE54-9A1E7A4F7556}") = "chausner.PriTools", "src\external\chausner.PriTools\chausner.PriTools.csproj", "{46CAD57D-3657-4E82-9784-BFFD6A6EAA9D}"
EndProject
Project("{2150E333-8FDC-42A3-9474-1A3956D46DE8}") = "Artifacts", "Artifacts", "{EDE612F6-92A3-4592-B254-93C670707DC9}"
EndProject
Project("{2150E333-8FDC-42A3-9474-1A3956D46DE8}") = "Templates", "Templates", "{CD098C75-8536-4E82-9B00-A9754036AF3E}"
	ProjectSection(SolutionItems) = preProject
		artifacts\templates\AppAttachDeregister.ps1 = artifacts\templates\AppAttachDeregister.ps1
		artifacts\templates\AppAttachDestage.ps1 = artifacts\templates\AppAttachDestage.ps1
		artifacts\templates\AppAttachRegister.ps1 = artifacts\templates\AppAttachRegister.ps1
		artifacts\templates\AppAttachStage.ps1 = artifacts\templates\AppAttachStage.ps1
		artifacts\templates\ModificationPackage.AppxManifest.xml = artifacts\templates\ModificationPackage.AppxManifest.xml
	EndProjectSection
EndProject
Project("{2150E333-8FDC-42A3-9474-1A3956D46DE8}") = "Scripts", "Scripts", "{C65B391A-96D3-45C1-B97D-605250DE1C2C}"
	ProjectSection(SolutionItems) = preProject
		artifacts\scripts\create-certificate.ps1 = artifacts\scripts\create-certificate.ps1
		artifacts\scripts\extract-certificate-from-msix.ps1 = artifacts\scripts\extract-certificate-from-msix.ps1
		artifacts\scripts\install-certificate.ps1 = artifacts\scripts\install-certificate.ps1
	EndProjectSection
EndProject
Project("{9A19103F-16F7-4668-BE54-9A1E7A4F7556}") = "Otor.MsixHero.Dependencies", "src\Otor.MsixHero.Dependencies\Otor.MsixHero.Dependencies.csproj", "{1432F690-1E0B-4B27-A6C8-41561ECC31A4}"
EndProject
Project("{FAE04EC0-301F-11D3-BF4B-00C04F79EFBC}") = "Otor.MsixHero.DeviceGuardLoginHelper", "src\Otor.MsixHero.DeviceGuardLoginHelper\Otor.MsixHero.DeviceGuardLoginHelper.csproj", "{ABA31D7C-D3C1-42FD-950F-FCBE6B3FA9BB}"
EndProject
Project("{2150E333-8FDC-42A3-9474-1A3956D46DE8}") = "DGSS", "DGSS", "{394DEC6F-3DD0-47DC-91F9-CD5741C59295}"
EndProject
Project("{FAE04EC0-301F-11D3-BF4B-00C04F79EFBC}") = "Otor.MsixHero.App", "src\Otor.MsixHero.App\Otor.MsixHero.App.csproj", "{D4AEAB0D-C821-4F87-B981-A217A538EB5E}"
EndProject
Global
	GlobalSection(SolutionConfigurationPlatforms) = preSolution
		Debug|Any CPU = Debug|Any CPU
		PublishCore|Any CPU = PublishCore|Any CPU
		Release|Any CPU = Release|Any CPU
	EndGlobalSection
	GlobalSection(ProjectConfigurationPlatforms) = postSolution
		{40A4609E-D606-4037-BD91-66E2307B2B2D}.Debug|Any CPU.ActiveCfg = Debug|Any CPU
		{40A4609E-D606-4037-BD91-66E2307B2B2D}.Debug|Any CPU.Build.0 = Debug|Any CPU
		{40A4609E-D606-4037-BD91-66E2307B2B2D}.PublishCore|Any CPU.ActiveCfg = Release|Any CPU
		{40A4609E-D606-4037-BD91-66E2307B2B2D}.PublishCore|Any CPU.Build.0 = Release|Any CPU
		{40A4609E-D606-4037-BD91-66E2307B2B2D}.Release|Any CPU.ActiveCfg = Release|Any CPU
		{40A4609E-D606-4037-BD91-66E2307B2B2D}.Release|Any CPU.Build.0 = Release|Any CPU
		{86813830-4887-4BE2-BC0E-429A3769E0A7}.Debug|Any CPU.ActiveCfg = Debug|Any CPU
		{86813830-4887-4BE2-BC0E-429A3769E0A7}.Debug|Any CPU.Build.0 = Debug|Any CPU
		{86813830-4887-4BE2-BC0E-429A3769E0A7}.PublishCore|Any CPU.ActiveCfg = Release|Any CPU
		{86813830-4887-4BE2-BC0E-429A3769E0A7}.PublishCore|Any CPU.Build.0 = Release|Any CPU
		{86813830-4887-4BE2-BC0E-429A3769E0A7}.Release|Any CPU.ActiveCfg = Release|Any CPU
		{86813830-4887-4BE2-BC0E-429A3769E0A7}.Release|Any CPU.Build.0 = Release|Any CPU
		{D0BB8AEB-207A-41BA-A2EC-EBFC8A1F4756}.Debug|Any CPU.ActiveCfg = Debug|Any CPU
		{D0BB8AEB-207A-41BA-A2EC-EBFC8A1F4756}.Debug|Any CPU.Build.0 = Debug|Any CPU
		{D0BB8AEB-207A-41BA-A2EC-EBFC8A1F4756}.PublishCore|Any CPU.ActiveCfg = Release|Any CPU
		{D0BB8AEB-207A-41BA-A2EC-EBFC8A1F4756}.Release|Any CPU.ActiveCfg = Release|Any CPU
		{AFDFA263-2CF2-4ADE-8AE4-D0FC982DAF42}.Debug|Any CPU.ActiveCfg = Debug|Any CPU
		{AFDFA263-2CF2-4ADE-8AE4-D0FC982DAF42}.Debug|Any CPU.Build.0 = Debug|Any CPU
		{AFDFA263-2CF2-4ADE-8AE4-D0FC982DAF42}.PublishCore|Any CPU.ActiveCfg = Release|Any CPU
		{AFDFA263-2CF2-4ADE-8AE4-D0FC982DAF42}.PublishCore|Any CPU.Build.0 = Release|Any CPU
		{AFDFA263-2CF2-4ADE-8AE4-D0FC982DAF42}.Release|Any CPU.ActiveCfg = Release|Any CPU
		{AFDFA263-2CF2-4ADE-8AE4-D0FC982DAF42}.Release|Any CPU.Build.0 = Release|Any CPU
		{EA08C739-61A2-402A-9621-590DBF78C04A}.Debug|Any CPU.ActiveCfg = Debug|Any CPU
		{EA08C739-61A2-402A-9621-590DBF78C04A}.Debug|Any CPU.Build.0 = Debug|Any CPU
		{EA08C739-61A2-402A-9621-590DBF78C04A}.PublishCore|Any CPU.ActiveCfg = Release|Any CPU
		{EA08C739-61A2-402A-9621-590DBF78C04A}.PublishCore|Any CPU.Build.0 = Release|Any CPU
		{EA08C739-61A2-402A-9621-590DBF78C04A}.Release|Any CPU.ActiveCfg = Release|Any CPU
		{EA08C739-61A2-402A-9621-590DBF78C04A}.Release|Any CPU.Build.0 = Release|Any CPU
		{6C71D451-F783-4ADA-94AB-BCEE370F57AD}.Debug|Any CPU.ActiveCfg = Debug|Any CPU
		{6C71D451-F783-4ADA-94AB-BCEE370F57AD}.Debug|Any CPU.Build.0 = Debug|Any CPU
		{6C71D451-F783-4ADA-94AB-BCEE370F57AD}.PublishCore|Any CPU.ActiveCfg = Release|Any CPU
		{6C71D451-F783-4ADA-94AB-BCEE370F57AD}.PublishCore|Any CPU.Build.0 = Release|Any CPU
		{6C71D451-F783-4ADA-94AB-BCEE370F57AD}.Release|Any CPU.ActiveCfg = Release|Any CPU
		{6C71D451-F783-4ADA-94AB-BCEE370F57AD}.Release|Any CPU.Build.0 = Release|Any CPU
		{C11701E4-D67C-4764-8BB8-1621CB241FB3}.Debug|Any CPU.ActiveCfg = Debug|Any CPU
		{C11701E4-D67C-4764-8BB8-1621CB241FB3}.Debug|Any CPU.Build.0 = Debug|Any CPU
		{C11701E4-D67C-4764-8BB8-1621CB241FB3}.PublishCore|Any CPU.ActiveCfg = Release|Any CPU
		{C11701E4-D67C-4764-8BB8-1621CB241FB3}.PublishCore|Any CPU.Build.0 = Release|Any CPU
		{C11701E4-D67C-4764-8BB8-1621CB241FB3}.Release|Any CPU.ActiveCfg = Release|Any CPU
		{C11701E4-D67C-4764-8BB8-1621CB241FB3}.Release|Any CPU.Build.0 = Release|Any CPU
		{C5DA9E95-1C86-43F0-88A1-898ED33CA148}.Debug|Any CPU.ActiveCfg = Debug|Any CPU
		{C5DA9E95-1C86-43F0-88A1-898ED33CA148}.Debug|Any CPU.Build.0 = Debug|Any CPU
		{C5DA9E95-1C86-43F0-88A1-898ED33CA148}.PublishCore|Any CPU.ActiveCfg = Release|Any CPU
		{C5DA9E95-1C86-43F0-88A1-898ED33CA148}.PublishCore|Any CPU.Build.0 = Release|Any CPU
		{C5DA9E95-1C86-43F0-88A1-898ED33CA148}.Release|Any CPU.ActiveCfg = Release|Any CPU
		{C5DA9E95-1C86-43F0-88A1-898ED33CA148}.Release|Any CPU.Build.0 = Release|Any CPU
		{FBC2A089-3D9A-48E8-A672-A48AD501B206}.Debug|Any CPU.ActiveCfg = Debug|Any CPU
		{FBC2A089-3D9A-48E8-A672-A48AD501B206}.Debug|Any CPU.Build.0 = Debug|Any CPU
		{FBC2A089-3D9A-48E8-A672-A48AD501B206}.PublishCore|Any CPU.ActiveCfg = Release|Any CPU
		{FBC2A089-3D9A-48E8-A672-A48AD501B206}.PublishCore|Any CPU.Build.0 = Release|Any CPU
		{FBC2A089-3D9A-48E8-A672-A48AD501B206}.Release|Any CPU.ActiveCfg = Release|Any CPU
		{FBC2A089-3D9A-48E8-A672-A48AD501B206}.Release|Any CPU.Build.0 = Release|Any CPU
		{2C4C5957-1F57-4889-B331-24D59EAD743C}.Debug|Any CPU.ActiveCfg = Debug|Any CPU
		{2C4C5957-1F57-4889-B331-24D59EAD743C}.Debug|Any CPU.Build.0 = Debug|Any CPU
		{2C4C5957-1F57-4889-B331-24D59EAD743C}.PublishCore|Any CPU.ActiveCfg = Release|Any CPU
		{2C4C5957-1F57-4889-B331-24D59EAD743C}.PublishCore|Any CPU.Build.0 = Release|Any CPU
		{2C4C5957-1F57-4889-B331-24D59EAD743C}.Release|Any CPU.ActiveCfg = Release|Any CPU
		{2C4C5957-1F57-4889-B331-24D59EAD743C}.Release|Any CPU.Build.0 = Release|Any CPU
		{A29E687E-3709-4C10-98B6-EA91DE334EAF}.Debug|Any CPU.ActiveCfg = Debug|Any CPU
		{A29E687E-3709-4C10-98B6-EA91DE334EAF}.Debug|Any CPU.Build.0 = Debug|Any CPU
		{A29E687E-3709-4C10-98B6-EA91DE334EAF}.PublishCore|Any CPU.ActiveCfg = Release|Any CPU
		{A29E687E-3709-4C10-98B6-EA91DE334EAF}.PublishCore|Any CPU.Build.0 = Release|Any CPU
		{A29E687E-3709-4C10-98B6-EA91DE334EAF}.Release|Any CPU.ActiveCfg = Release|Any CPU
		{A29E687E-3709-4C10-98B6-EA91DE334EAF}.Release|Any CPU.Build.0 = Release|Any CPU
		{DC9B3C96-5633-4262-8209-ADCDBF762670}.Debug|Any CPU.ActiveCfg = Debug|Any CPU
		{DC9B3C96-5633-4262-8209-ADCDBF762670}.Debug|Any CPU.Build.0 = Debug|Any CPU
		{DC9B3C96-5633-4262-8209-ADCDBF762670}.PublishCore|Any CPU.ActiveCfg = Release|Any CPU
		{DC9B3C96-5633-4262-8209-ADCDBF762670}.PublishCore|Any CPU.Build.0 = Release|Any CPU
		{DC9B3C96-5633-4262-8209-ADCDBF762670}.Release|Any CPU.ActiveCfg = Release|Any CPU
		{DC9B3C96-5633-4262-8209-ADCDBF762670}.Release|Any CPU.Build.0 = Release|Any CPU
		{46CAD57D-3657-4E82-9784-BFFD6A6EAA9D}.Debug|Any CPU.ActiveCfg = Debug|Any CPU
		{46CAD57D-3657-4E82-9784-BFFD6A6EAA9D}.Debug|Any CPU.Build.0 = Debug|Any CPU
		{46CAD57D-3657-4E82-9784-BFFD6A6EAA9D}.PublishCore|Any CPU.ActiveCfg = Release|Any CPU
		{46CAD57D-3657-4E82-9784-BFFD6A6EAA9D}.PublishCore|Any CPU.Build.0 = Release|Any CPU
		{46CAD57D-3657-4E82-9784-BFFD6A6EAA9D}.Release|Any CPU.ActiveCfg = Release|Any CPU
		{46CAD57D-3657-4E82-9784-BFFD6A6EAA9D}.Release|Any CPU.Build.0 = Release|Any CPU
		{1432F690-1E0B-4B27-A6C8-41561ECC31A4}.Debug|Any CPU.ActiveCfg = Debug|Any CPU
		{1432F690-1E0B-4B27-A6C8-41561ECC31A4}.Debug|Any CPU.Build.0 = Debug|Any CPU
		{1432F690-1E0B-4B27-A6C8-41561ECC31A4}.PublishCore|Any CPU.ActiveCfg = Release|Any CPU
		{1432F690-1E0B-4B27-A6C8-41561ECC31A4}.PublishCore|Any CPU.Build.0 = Release|Any CPU
		{1432F690-1E0B-4B27-A6C8-41561ECC31A4}.Release|Any CPU.ActiveCfg = Release|Any CPU
		{1432F690-1E0B-4B27-A6C8-41561ECC31A4}.Release|Any CPU.Build.0 = Release|Any CPU
		{ABA31D7C-D3C1-42FD-950F-FCBE6B3FA9BB}.Debug|Any CPU.ActiveCfg = Debug|Any CPU
		{ABA31D7C-D3C1-42FD-950F-FCBE6B3FA9BB}.Debug|Any CPU.Build.0 = Debug|Any CPU
		{ABA31D7C-D3C1-42FD-950F-FCBE6B3FA9BB}.PublishCore|Any CPU.ActiveCfg = Release|Any CPU
		{ABA31D7C-D3C1-42FD-950F-FCBE6B3FA9BB}.Release|Any CPU.ActiveCfg = Release|Any CPU
		{ABA31D7C-D3C1-42FD-950F-FCBE6B3FA9BB}.Release|Any CPU.Build.0 = Release|Any CPU
		{D4AEAB0D-C821-4F87-B981-A217A538EB5E}.Debug|Any CPU.ActiveCfg = Debug|Any CPU
		{D4AEAB0D-C821-4F87-B981-A217A538EB5E}.Debug|Any CPU.Build.0 = Debug|Any CPU
		{D4AEAB0D-C821-4F87-B981-A217A538EB5E}.PublishCore|Any CPU.ActiveCfg = Release|Any CPU
		{D4AEAB0D-C821-4F87-B981-A217A538EB5E}.PublishCore|Any CPU.Build.0 = Release|Any CPU
		{D4AEAB0D-C821-4F87-B981-A217A538EB5E}.Release|Any CPU.ActiveCfg = Release|Any CPU
		{D4AEAB0D-C821-4F87-B981-A217A538EB5E}.Release|Any CPU.Build.0 = Release|Any CPU
	EndGlobalSection
	GlobalSection(SolutionProperties) = preSolution
		HideSolutionNode = FALSE
	EndGlobalSection
	GlobalSection(NestedProjects) = preSolution
		{D0BB8AEB-207A-41BA-A2EC-EBFC8A1F4756} = {1353E27B-1F60-434E-AD0E-56631BE1CF3C}
		{EA08C739-61A2-402A-9621-590DBF78C04A} = {FEA96B7F-E9D5-449F-83EE-789116B1BD9B}
		{DC9B3C96-5633-4262-8209-ADCDBF762670} = {FEA96B7F-E9D5-449F-83EE-789116B1BD9B}
		{46CAD57D-3657-4E82-9784-BFFD6A6EAA9D} = {FEA96B7F-E9D5-449F-83EE-789116B1BD9B}
		{CD098C75-8536-4E82-9B00-A9754036AF3E} = {EDE612F6-92A3-4592-B254-93C670707DC9}
		{C65B391A-96D3-45C1-B97D-605250DE1C2C} = {EDE612F6-92A3-4592-B254-93C670707DC9}
		{ABA31D7C-D3C1-42FD-950F-FCBE6B3FA9BB} = {394DEC6F-3DD0-47DC-91F9-CD5741C59295}
	EndGlobalSection
	GlobalSection(ExtensibilityGlobals) = postSolution
		SolutionGuid = {80D19363-C14E-4F5F-81D4-90F23FBB760E}
	EndGlobalSection
EndGlobal
